<?xml version="1.0" encoding="utf-8"?>
<Project ToolsVersion="4.0" xmlns="http://schemas.microsoft.com/developer/msbuild/2003">
  <ItemGroup>
    <Filter Include="리소스 파일">
      <UniqueIdentifier>{67DA6AB6-F800-4c08-8B7A-83BB121AAD01}</UniqueIdentifier>
      <Extensions>rc;ico;cur;bmp;dlg;rc2;rct;bin;rgs;gif;jpg;jpeg;jpe;resx;tiff;tif;png;wav;mfcribbon-ms</Extensions>
    </Filter>
  </ItemGroup>
  <ItemGroup>
    <ClInclude Include="Actor.h" />
    <ClInclude Include="CircleComponent.h" />
    <ClInclude Include="Component.h" />
    <ClInclude Include="Game.h" />
    <ClInclude Include="Math.h" />
    <ClInclude Include="Mesh.h" />
    <ClInclude Include="MeshComponent.h" />
    <ClInclude Include="MoveComponent.h" />
    <ClInclude Include="PlaneActor.h" />
    <ClInclude Include="Renderer.h" />
    <ClInclude Include="Shader.h" />
    <ClInclude Include="SpriteComponent.h" />
    <ClInclude Include="Texture.h" />
    <ClInclude Include="VertexArray.h" />
    <ClInclude Include="FPSActor.h" />
    <ClInclude Include="CameraComponent.h" />
    <ClInclude Include="AudioSystem.h" />
    <ClInclude Include="SoundEvent.h" />
    <ClInclude Include="AudioComponent.h" />
    <ClInclude Include="FPSCamera.h" />
    <ClInclude Include="FollowCamera.h" />
    <ClInclude Include="FollowActor.h" />
    <ClInclude Include="OrbitCamera.h" />
    <ClInclude Include="OrbitActor.h" />
    <ClInclude Include="SplineCamera.h" />
    <ClInclude Include="SplineActor.h" />
  </ItemGroup>
  <ItemGroup>
    <ClCompile Include="Actor.cpp" />
    <ClCompile Include="CircleComponent.cpp" />
    <ClCompile Include="Component.cpp" />
    <ClCompile Include="Game.cpp" />
    <ClCompile Include="Main.cpp" />
    <ClCompile Include="Math.cpp" />
    <ClCompile Include="Mesh.cpp" />
    <ClCompile Include="MeshComponent.cpp" />
    <ClCompile Include="MoveComponent.cpp" />
    <ClCompile Include="PlaneActor.cpp" />
    <ClCompile Include="Renderer.cpp" />
    <ClCompile Include="Shader.cpp" />
    <ClCompile Include="SpriteComponent.cpp" />
    <ClCompile Include="Texture.cpp" />
    <ClCompile Include="VertexArray.cpp" />
    <ClCompile Include="FPSActor.cpp" />
    <ClCompile Include="CameraComponent.cpp" />
    <ClCompile Include="AudioSystem.cpp" />
    <ClCompile Include="SoundEvent.cpp" />
    <ClCompile Include="AudioComponent.cpp" />
    <ClCompile Include="FPSCamera.cpp" />
    <ClCompile Include="FollowCamera.cpp" />
    <ClCompile Include="FollowActor.cpp" />
    <ClCompile Include="OrbitCamera.cpp" />
    <ClCompile Include="OrbitActor.cpp" />
    <ClCompile Include="SplineCamera.cpp" />
    <ClCompile Include="SplineActor.cpp" />
  </ItemGroup>
</Project>