
Microsoft Visual Studio Solution File, Format Version 12.00
# Visual Studio Version 17
VisualStudioVersion = 17.10.35027.167
MinimumVisualStudioVersion = 10.0.40219.1
Project("{8BC9CEB8-8B4A-11D0-8D11-00A0C91BC942}") = "Chatper1_Exercise1", "Chatper1_Exercise1.vcxproj", "{D0881E4F-1E5A-4914-8062-646007CBB36B}"
EndProject
Global
	GlobalSection(SolutionConfigurationPlatforms) = preSolution
		Debug|x64 = Debug|x64
		Debug|x86 = Debug|x86
		Release|x64 = Release|x64
		Release|x86 = Release|x86
	EndGlobalSection
	GlobalSection(ProjectConfigurationPlatforms) = postSolution
		{D0881E4F-1E5A-4914-8062-646007CBB36B}.Debug|x64.ActiveCfg = Debug|x64
		{D0881E4F-1E5A-4914-8062-646007CBB36B}.Debug|x64.Build.0 = Debug|x64
		{D0881E4F-1E5A-4914-8062-646007CBB36B}.Debug|x86.ActiveCfg = Debug|Win32
		{D0881E4F-1E5A-4914-8062-646007CBB36B}.Debug|x86.Build.0 = Debug|Win32
		{D0881E4F-1E5A-4914-8062-646007CBB36B}.Release|x64.ActiveCfg = Release|x64
		{D0881E4F-1E5A-4914-8062-646007CBB36B}.Release|x64.Build.0 = Release|x64
		{D0881E4F-1E5A-4914-8062-646007CBB36B}.Release|x86.ActiveCfg = Release|Win32
		{D0881E4F-1E5A-4914-8062-646007CBB36B}.Release|x86.Build.0 = Release|Win32
	EndGlobalSection
	GlobalSection(SolutionProperties) = preSolution
		HideSolutionNode = FALSE
	EndGlobalSection
	GlobalSection(ExtensibilityGlobals) = postSolution
		SolutionGuid = {C3E6862C-6641-43A4-8387-2F5025C5031B}
	EndGlobalSection
EndGlobal
